
Microsoft Visual Studio Solution File, Format Version 12.00
# Visual Studio Version 17
VisualStudioVersion = 17.5.33530.505
MinimumVisualStudioVersion = 10.0.40219.1
Project("{FAE04EC0-301F-11D3-BF4B-00C04F79EFBC}") = "LaMiaPizzeria", "LaMiaPizzeria\LaMiaPizzeria.csproj", "{F2301494-C98C-4B90-BA77-46BCCA25CC9C}"
EndProject
Global
	GlobalSection(SolutionConfigurationPlatforms) = preSolution
		Debug|Any CPU = Debug|Any CPU
		Release|Any CPU = Release|Any CPU
	EndGlobalSection
	GlobalSection(ProjectConfigurationPlatforms) = postSolution
		{F2301494-C98C-4B90-BA77-46BCCA25CC9C}.Debug|Any CPU.ActiveCfg = Debug|Any CPU
		{F2301494-C98C-4B90-BA77-46BCCA25CC9C}.Debug|Any CPU.Build.0 = Debug|Any CPU
		{F2301494-C98C-4B90-BA77-46BCCA25CC9C}.Release|Any CPU.ActiveCfg = Release|Any CPU
		{F2301494-C98C-4B90-BA77-46BCCA25CC9C}.Release|Any CPU.Build.0 = Release|Any CPU
	EndGlobalSection
	GlobalSection(SolutionProperties) = preSolution
		HideSolutionNode = FALSE
	EndGlobalSection
	GlobalSection(ExtensibilityGlobals) = postSolution
		SolutionGuid = {86CC0276-F2FE-4961-9603-AF8A2A71D430}
	EndGlobalSection
EndGlobal
